<?xml version="1.0" encoding="utf-8"?>
<Project ToolsVersion="4.0" xmlns="http://schemas.microsoft.com/developer/msbuild/2003">
  <ItemGroup>
    <Filter Include="Source Files">
      <UniqueIdentifier>{4FC737F1-C7A5-4376-A066-2A32D752A2FF}</UniqueIdentifier>
      <Extensions>cpp;c;cc;cxx;c++;cppm;ixx;def;odl;idl;hpj;bat;asm;asmx</Extensions>
    </Filter>
    <Filter Include="Header Files">
      <UniqueIdentifier>{93995380-89BD-4b04-88EB-625FBE52EBFB}</UniqueIdentifier>
      <Extensions>h;hh;hpp;hxx;h++;hm;inl;inc;ipp;xsd</Extensions>
    </Filter>
    <Filter Include="Resource Files">
      <UniqueIdentifier>{67DA6AB6-F800-4c08-8B7A-83BB121AAD01}</UniqueIdentifier>
      <Extensions>rc;ico;cur;bmp;dlg;rc2;rct;bin;rgs;gif;jpg;jpeg;jpe;resx;tiff;tif;png;wav;mfcribbon-ms</Extensions>
    </Filter>
    <Filter Include="Source Files\operations">
      <UniqueIdentifier>{3c3e0851-6467-4097-9d20-9d134cc89228}</UniqueIdentifier>
    </Filter>
    <Filter Include="Header Files\file">
      <UniqueIdentifier>{65eca44e-5452-4767-977a-91f02848efbc}</UniqueIdentifier>
    </Filter>
    <Filter Include="Source Files\file">
      <UniqueIdentifier>{259ac1c3-31e5-41b3-897c-e9fddcdbfb89}</UniqueIdentifier>
    </Filter>
    <Filter Include="Header Files\operations">
      <UniqueIdentifier>{cf139c59-d352-4a7a-bf35-f49fbe143627}</UniqueIdentifier>
    </Filter>
  </ItemGroup>
  <ItemGroup>
    <ClCompile Include="server_file_system.cpp">
      <Filter>Source Files\file</Filter>
    </ClCompile>
    <ClCompile Include="s_info.cpp">
      <Filter>Source Files\operations</Filter>
    </ClCompile>
    <ClCompile Include="server.cpp">
      <Filter>Source Files</Filter>
    </ClCompile>
    <ClCompile Include="s_mkdir.cpp">
      <Filter>Source Files\operations</Filter>
    </ClCompile>
    <ClCompile Include="s_dir.cpp">
      <Filter>Source Files\operations</Filter>
    </ClCompile>
    <ClCompile Include="s_ren.cpp">
      <Filter>Source Files\operations</Filter>
    </ClCompile>
  </ItemGroup>
  <ItemGroup>
    <ClInclude Include="server_file_system.h">
      <Filter>Header Files\file</Filter>
    </ClInclude>
    <ClInclude Include="s_info.h">
      <Filter>Header Files\operations</Filter>
    </ClInclude>
    <ClInclude Include="s_mkdir.h">
      <Filter>Header Files\operations</Filter>
    </ClInclude>
    <ClInclude Include="s_dir.h">
      <Filter>Header Files\operations</Filter>
    </ClInclude>
    <ClInclude Include="s_ren.h">
      <Filter>Header Files\operations</Filter>
    </ClInclude>
  </ItemGroup>
</Project>